// !$*UTF8*$!
{
	archiveVersion = 1;
	classes = {
	};
	objectVersion = 50;
	objects = {

/* Begin PBXBuildFile section */
		C20012BD209A635C0078BF4D /* AppDelegate.swift in Sources */ = {isa = PBXBuildFile; fileRef = C20012BC209A635C0078BF4D /* AppDelegate.swift */; };
		C20012C2209A635C0078BF4D /* Main.storyboard in Resources */ = {isa = PBXBuildFile; fileRef = C20012C0209A635C0078BF4D /* Main.storyboard */; };
		C20012C4209A63720078BF4D /* Assets.xcassets in Resources */ = {isa = PBXBuildFile; fileRef = C20012C3209A63720078BF4D /* Assets.xcassets */; };
		C20012C7209A63720078BF4D /* LaunchScreen.storyboard in Resources */ = {isa = PBXBuildFile; fileRef = C20012C5209A63720078BF4D /* LaunchScreen.storyboard */; };
		C20012D0209A6D1A0078BF4D /* ConvertController.swift in Sources */ = {isa = PBXBuildFile; fileRef = C20012CE209A6D1A0078BF4D /* ConvertController.swift */; };
		C2124897209B2EAB00605328 /* Icons.xcassets in Resources */ = {isa = PBXBuildFile; fileRef = C2124896209B2EAB00605328 /* Icons.xcassets */; };
		C2124899209B31FA00605328 /* Flags.xcassets in Resources */ = {isa = PBXBuildFile; fileRef = C2124898209B31FA00605328 /* Flags.xcassets */; };
/* End PBXBuildFile section */

/* Begin PBXFileReference section */
		C20012B9209A635C0078BF4D /* Valute.app */ = {isa = PBXFileReference; explicitFileType = wrapper.application; includeInIndex = 0; path = Valute.app; sourceTree = BUILT_PRODUCTS_DIR; };
		C20012BC209A635C0078BF4D /* AppDelegate.swift */ = {isa = PBXFileReference; lastKnownFileType = sourcecode.swift; path = AppDelegate.swift; sourceTree = "<group>"; };
		C20012C1209A635C0078BF4D /* Base */ = {isa = PBXFileReference; lastKnownFileType = file.storyboard; name = Base; path = Base.lproj/Main.storyboard; sourceTree = "<group>"; };
		C20012C3209A63720078BF4D /* Assets.xcassets */ = {isa = PBXFileReference; lastKnownFileType = folder.assetcatalog; path = Assets.xcassets; sourceTree = "<group>"; };
		C20012C6209A63720078BF4D /* Base */ = {isa = PBXFileReference; lastKnownFileType = file.storyboard; name = Base; path = Base.lproj/LaunchScreen.storyboard; sourceTree = "<group>"; };
		C20012C8209A63720078BF4D /* Info.plist */ = {isa = PBXFileReference; lastKnownFileType = text.plist.xml; path = Info.plist; sourceTree = "<group>"; };
		C20012CE209A6D1A0078BF4D /* ConvertController.swift */ = {isa = PBXFileReference; lastKnownFileType = sourcecode.swift; path = ConvertController.swift; sourceTree = "<group>"; };
		C2124896209B2EAB00605328 /* Icons.xcassets */ = {isa = PBXFileReference; lastKnownFileType = folder.assetcatalog; path = Icons.xcassets; sourceTree = "<group>"; };
		C2124898209B31FA00605328 /* Flags.xcassets */ = {isa = PBXFileReference; lastKnownFileType = folder.assetcatalog; path = Flags.xcassets; sourceTree = "<group>"; };
/* End PBXFileReference section */

/* Begin PBXFrameworksBuildPhase section */
		C20012B6209A635C0078BF4D /* Frameworks */ = {
			isa = PBXFrameworksBuildPhase;
			buildActionMask = 2147483647;
			files = (
			);
			runOnlyForDeploymentPostprocessing = 0;
		};
/* End PBXFrameworksBuildPhase section */

/* Begin PBXGroup section */
		C20012B0209A635C0078BF4D = {
			isa = PBXGroup;
			children = (
				C20012BB209A635C0078BF4D /* Valute */,
				C20012BA209A635C0078BF4D /* Products */,
			);
			sourceTree = "<group>";
		};
		C20012BA209A635C0078BF4D /* Products */ = {
			isa = PBXGroup;
			children = (
				C20012B9209A635C0078BF4D /* Valute.app */,
			);
			name = Products;
			sourceTree = "<group>";
		};
		C20012BB209A635C0078BF4D /* Valute */ = {
			isa = PBXGroup;
			children = (
				C20012BC209A635C0078BF4D /* AppDelegate.swift */,
				C20012C0209A635C0078BF4D /* Main.storyboard */,
				C2124898209B31FA00605328 /* Flags.xcassets */,
				C20012C3209A63720078BF4D /* Assets.xcassets */,
				C2124896209B2EAB00605328 /* Icons.xcassets */,
				C20012C5209A63720078BF4D /* LaunchScreen.storyboard */,
				C20012C8209A63720078BF4D /* Info.plist */,
				C20012CE209A6D1A0078BF4D /* ConvertController.swift */,
			);
			path = Valute;
			sourceTree = "<group>";
		};
/* End PBXGroup section */

/* Begin PBXNativeTarget section */
		C20012B8209A635C0078BF4D /* Valute */ = {
			isa = PBXNativeTarget;
			buildConfigurationList = C20012CB209A63720078BF4D /* Build configuration list for PBXNativeTarget "Valute" */;
			buildPhases = (
				C20012B5209A635C0078BF4D /* Sources */,
				C20012B6209A635C0078BF4D /* Frameworks */,
				C20012B7209A635C0078BF4D /* Resources */,
			);
			buildRules = (
			);
			dependencies = (
			);
			name = Valute;
			productName = Valute;
			productReference = C20012B9209A635C0078BF4D /* Valute.app */;
			productType = "com.apple.product-type.application";
		};
/* End PBXNativeTarget section */

/* Begin PBXProject section */
		C20012B1209A635C0078BF4D /* Project object */ = {
			isa = PBXProject;
			attributes = {
				LastSwiftUpdateCheck = 0930;
				LastUpgradeCheck = 0930;
				ORGANIZATIONNAME = nsiddevelopment;
				TargetAttributes = {
					C20012B8209A635C0078BF4D = {
						CreatedOnToolsVersion = 9.3;
					};
				};
			};
			buildConfigurationList = C20012B4209A635C0078BF4D /* Build configuration list for PBXProject "Valute" */;
			compatibilityVersion = "Xcode 9.3";
			developmentRegion = en;
			hasScannedForEncodings = 0;
			knownRegions = (
				en,
				Base,
			);
			mainGroup = C20012B0209A635C0078BF4D;
			productRefGroup = C20012BA209A635C0078BF4D /* Products */;
			projectDirPath = "";
			projectRoot = "";
			targets = (
				C20012B8209A635C0078BF4D /* Valute */,
			);
		};
/* End PBXProject section */

/* Begin PBXResourcesBuildPhase section */
		C20012B7209A635C0078BF4D /* Resources */ = {
			isa = PBXResourcesBuildPhase;
			buildActionMask = 2147483647;
			files = (
				C2124899209B31FA00605328 /* Flags.xcassets in Resources */,
				C20012C7209A63720078BF4D /* LaunchScreen.storyboard in Resources */,
				C20012C4209A63720078BF4D /* Assets.xcassets in Resources */,
				C2124897209B2EAB00605328 /* Icons.xcassets in Resources */,
				C20012C2209A635C0078BF4D /* Main.storyboard in Resources */,
			);
			runOnlyForDeploymentPostprocessing = 0;
		};
/* End PBXResourcesBuildPhase section */

/* Begin PBXSourcesBuildPhase section */
		C20012B5209A635C0078BF4D /* Sources */ = {
			isa = PBXSourcesBuildPhase;
			buildActionMask = 2147483647;
			files = (
				C20012BD209A635C0078BF4D /* AppDelegate.swift in Sources */,
				C20012D0209A6D1A0078BF4D /* ConvertController.swift in Sources */,
			);
			runOnlyForDeploymentPostprocessing = 0;
		};
/* End PBXSourcesBuildPhase section */

/* Begin PBXVariantGroup section */
		C20012C0209A635C0078BF4D /* Main.storyboard */ = {
			isa = PBXVariantGroup;
			children = (
				C20012C1209A635C0078BF4D /* Base */,
			);
			name = Main.storyboard;
			sourceTree = "<group>";
		};
		C20012C5209A63720078BF4D /* LaunchScreen.storyboard */ = {
			isa = PBXVariantGroup;
			children = (
				C20012C6209A63720078BF4D /* Base */,
			);
			name = LaunchScreen.storyboard;
			sourceTree = "<group>";
		};
/* End PBXVariantGroup section */

/* Begin XCBuildConfiguration section */
		C20012C9209A63720078BF4D /* Debug */ = {
			isa = XCBuildConfiguration;
			buildSettings = {
				ALWAYS_SEARCH_USER_PATHS = NO;
				CLANG_ANALYZER_NONNULL = YES;
				CLANG_ANALYZER_NUMBER_OBJECT_CONVERSION = YES_AGGRESSIVE;
				CLANG_CXX_LANGUAGE_STANDARD = "gnu++14";
				CLANG_CXX_LIBRARY = "libc++";
				CLANG_ENABLE_MODULES = YES;
				CLANG_ENABLE_OBJC_ARC = YES;
				CLANG_ENABLE_OBJC_WEAK = YES;
				CLANG_WARN_BLOCK_CAPTURE_AUTORELEASING = YES;
				CLANG_WARN_BOOL_CONVERSION = YES;
				CLANG_WARN_COMMA = YES;
				CLANG_WARN_CONSTANT_CONVERSION = YES;
				CLANG_WARN_DEPRECATED_OBJC_IMPLEMENTATIONS = YES;
				CLANG_WARN_DIRECT_OBJC_ISA_USAGE = YES_ERROR;
				CLANG_WARN_DOCUMENTATION_COMMENTS = YES;
				CLANG_WARN_EMPTY_BODY = YES;
				CLANG_WARN_ENUM_CONVERSION = YES;
				CLANG_WARN_INFINITE_RECURSION = YES;
				CLANG_WARN_INT_CONVERSION = YES;
				CLANG_WARN_NON_LITERAL_NULL_CONVERSION = YES;
				CLANG_WARN_OBJC_IMPLICIT_RETAIN_SELF = YES;
				CLANG_WARN_OBJC_LITERAL_CONVERSION = YES;
				CLANG_WARN_OBJC_ROOT_CLASS = YES_ERROR;
				CLANG_WARN_RANGE_LOOP_ANALYSIS = YES;
				CLANG_WARN_STRICT_PROTOTYPES = YES;
				CLANG_WARN_SUSPICIOUS_MOVE = YES;
				CLANG_WARN_UNGUARDED_AVAILABILITY = YES_AGGRESSIVE;
				CLANG_WARN_UNREACHABLE_CODE = YES;
				CLANG_WARN__DUPLICATE_METHOD_MATCH = YES;
				CODE_SIGN_IDENTITY = "iPhone Developer";
				COPY_PHASE_STRIP = NO;
				DEBUG_INFORMATION_FORMAT = dwarf;
				ENABLE_STRICT_OBJC_MSGSEND = YES;
				ENABLE_TESTABILITY = YES;
				GCC_C_LANGUAGE_STANDARD = gnu11;
				GCC_DYNAMIC_NO_PIC = NO;
				GCC_NO_COMMON_BLOCKS = YES;
				GCC_OPTIMIZATION_LEVEL = 0;
				GCC_PREPROCESSOR_DEFINITIONS = (
					"DEBUG=1",
					"$(inherited)",
				);
				GCC_WARN_64_TO_32_BIT_CONVERSION = YES;
				GCC_WARN_ABOUT_RETURN_TYPE = YES_ERROR;
				GCC_WARN_UNDECLARED_SELECTOR = YES;
				GCC_WARN_UNINITIALIZED_AUTOS = YES_AGGRESSIVE;
				GCC_WARN_UNUSED_FUNCTION = YES;
				GCC_WARN_UNUSED_VARIABLE = YES;
				IPHONEOS_DEPLOYMENT_TARGET = 11.3;
				MTL_ENABLE_DEBUG_INFO = YES;
				ONLY_ACTIVE_ARCH = YES;
				SDKROOT = iphoneos;
				SWIFT_ACTIVE_COMPILATION_CONDITIONS = DEBUG;
				SWIFT_OPTIMIZATION_LEVEL = "-Onone";
			};
			name = Debug;
		};
		C20012CA209A63720078BF4D /* Release */ = {
			isa = XCBuildConfiguration;
			buildSettings = {
				ALWAYS_SEARCH_USER_PATHS = NO;
				CLANG_ANALYZER_NONNULL = YES;
				CLANG_ANALYZER_NUMBER_OBJECT_CONVERSION = YES_AGGRESSIVE;
				CLANG_CXX_LANGUAGE_STANDARD = "gnu++14";
				CLANG_CXX_LIBRARY = "libc++";
				CLANG_ENABLE_MODULES = YES;
				CLANG_ENABLE_OBJC_ARC = YES;
				CLANG_ENABLE_OBJC_WEAK = YES;
				CLANG_WARN_BLOCK_CAPTURE_AUTORELEASING = YES;
				CLANG_WARN_BOOL_CONVERSION = YES;
				CLANG_WARN_COMMA = YES;
				CLANG_WARN_CONSTANT_CONVERSION = YES;
				CLANG_WARN_DEPRECATED_OBJC_IMPLEMENTATIONS = YES;
				CLANG_WARN_DIRECT_OBJC_ISA_USAGE = YES_ERROR;
				CLANG_WARN_DOCUMENTATION_COMMENTS = YES;
				CLANG_WARN_EMPTY_BODY = YES;
				CLANG_WARN_ENUM_CONVERSION = YES;
				CLANG_WARN_INFINITE_RECURSION = YES;
				CLANG_WARN_INT_CONVERSION = YES;
				CLANG_WARN_NON_LITERAL_NULL_CONVERSION = YES;
				CLANG_WARN_OBJC_IMPLICIT_RETAIN_SELF = YES;
				CLANG_WARN_OBJC_LITERAL_CONVERSION = YES;
				CLANG_WARN_OBJC_ROOT_CLASS = YES_ERROR;
				CLANG_WARN_RANGE_LOOP_ANALYSIS = YES;
				CLANG_WARN_STRICT_PROTOTYPES = YES;
				CLANG_WARN_SUSPICIOUS_MOVE = YES;
				CLANG_WARN_UNGUARDED_AVAILABILITY = YES_AGGRESSIVE;
				CLANG_WARN_UNREACHABLE_CODE = YES;
				CLANG_WARN__DUPLICATE_METHOD_MATCH = YES;
				CODE_SIGN_IDENTITY = "iPhone Developer";
				COPY_PHASE_STRIP = NO;
				DEBUG_INFORMATION_FORMAT = "dwarf-with-dsym";
				ENABLE_NS_ASSERTIONS = NO;
				ENABLE_STRICT_OBJC_MSGSEND = YES;
				GCC_C_LANGUAGE_STANDARD = gnu11;
				GCC_NO_COMMON_BLOCKS = YES;
				GCC_WARN_64_TO_32_BIT_CONVERSION = YES;
				GCC_WARN_ABOUT_RETURN_TYPE = YES_ERROR;
				GCC_WARN_UNDECLARED_SELECTOR = YES;
				GCC_WARN_UNINITIALIZED_AUTOS = YES_AGGRESSIVE;
				GCC_WARN_UNUSED_FUNCTION = YES;
				GCC_WARN_UNUSED_VARIABLE = YES;
				IPHONEOS_DEPLOYMENT_TARGET = 11.3;
				MTL_ENABLE_DEBUG_INFO = NO;
				SDKROOT = iphoneos;
				SWIFT_COMPILATION_MODE = wholemodule;
				SWIFT_OPTIMIZATION_LEVEL = "-O";
				VALIDATE_PRODUCT = YES;
			};
			name = Release;
		};
		C20012CC209A63720078BF4D /* Debug */ = {
			isa = XCBuildConfiguration;
			buildSettings = {
				ASSETCATALOG_COMPILER_APPICON_NAME = AppIcon;
				CODE_SIGN_STYLE = Automatic;
				DEVELOPMENT_TEAM = Q4KMZUSUN5;
				INFOPLIST_FILE = Valute/Info.plist;
				LD_RUNPATH_SEARCH_PATHS = (
					"$(inherited)",
					"@executable_path/Frameworks",
				);
				PRODUCT_BUNDLE_IDENTIFIER = com.NSIDDevelopment.Valute;
				PRODUCT_NAME = "$(TARGET_NAME)";
				SWIFT_VERSION = 4.0;
				TARGETED_DEVICE_FAMILY = "1,2";
			};
			name = Debug;
		};
		C20012CD209A63720078BF4D /* Release */ = {
			isa = XCBuildConfiguration;
			buildSettings = {
				ASSETCATALOG_COMPILER_APPICON_NAME = AppIcon;
				CODE_SIGN_STYLE = Automatic;
				DEVELOPMENT_TEAM = Q4KMZUSUN5;
				INFOPLIST_FILE = Valute/Info.plist;
				LD_RUNPATH_SEARCH_PATHS = (
					"$(inherited)",
					"@executable_path/Frameworks",
				);
				PRODUCT_BUNDLE_IDENTIFIER = com.NSIDDevelopment.Valute;
				PRODUCT_NAME = "$(TARGET_NAME)";
				SWIFT_VERSION = 4.0;
				TARGETED_DEVICE_FAMILY = "1,2";
			};
			name = Release;
		};
/* End XCBuildConfiguration section */

/* Begin XCConfigurationList section */
		C20012B4209A635C0078BF4D /* Build configuration list for PBXProject "Valute" */ = {
			isa = XCConfigurationList;
			buildConfigurations = (
				C20012C9209A63720078BF4D /* Debug */,
				C20012CA209A63720078BF4D /* Release */,
			);
			defaultConfigurationIsVisible = 0;
			defaultConfigurationName = Release;
		};
		C20012CB209A63720078BF4D /* Build configuration list for PBXNativeTarget "Valute" */ = {
			isa = XCConfigurationList;
			buildConfigurations = (
				C20012CC209A63720078BF4D /* Debug */,
				C20012CD209A63720078BF4D /* Release */,
			);
			defaultConfigurationIsVisible = 0;
			defaultConfigurationName = Release;
		};
/* End XCConfigurationList section */
	};
	rootObject = C20012B1209A635C0078BF4D /* Project object */;
}
